// !$*UTF8*$!
{
	archiveVersion = 1;
	classes = {
	};
	objectVersion = 46;
	objects = {

/* Begin PBXBuildFile section */
		821C72D218004A6100E4BEE9 /* Foundation.framework in Frameworks */ = {isa = PBXBuildFile; fileRef = 821C72D118004A6100E4BEE9 /* Foundation.framework */; };
		821C72D418004A6100E4BEE9 /* CoreGraphics.framework in Frameworks */ = {isa = PBXBuildFile; fileRef = 821C72D318004A6100E4BEE9 /* CoreGraphics.framework */; };
		821C72D618004A6100E4BEE9 /* UIKit.framework in Frameworks */ = {isa = PBXBuildFile; fileRef = 821C72D518004A6100E4BEE9 /* UIKit.framework */; };
		821C72DC18004A6100E4BEE9 /* InfoPlist.strings in Resources */ = {isa = PBXBuildFile; fileRef = 821C72DA18004A6100E4BEE9 /* InfoPlist.strings */; };
		821C72DE18004A6100E4BEE9 /* main.m in Sources */ = {isa = PBXBuildFile; fileRef = 821C72DD18004A6100E4BEE9 /* main.m */; };
		821C72E218004A6100E4BEE9 /* PRAppDelegate.m in Sources */ = {isa = PBXBuildFile; fileRef = 821C72E118004A6100E4BEE9 /* PRAppDelegate.m */; };
		821C72E518004A6100E4BEE9 /* Main.storyboard in Resources */ = {isa = PBXBuildFile; fileRef = 821C72E318004A6100E4BEE9 /* Main.storyboard */; };
		821C72E818004A6100E4BEE9 /* PRViewController.m in Sources */ = {isa = PBXBuildFile; fileRef = 821C72E718004A6100E4BEE9 /* PRViewController.m */; };
		821C72EA18004A6100E4BEE9 /* Images.xcassets in Resources */ = {isa = PBXBuildFile; fileRef = 821C72E918004A6100E4BEE9 /* Images.xcassets */; };
		821C72F118004A6100E4BEE9 /* XCTest.framework in Frameworks */ = {isa = PBXBuildFile; fileRef = 821C72F018004A6100E4BEE9 /* XCTest.framework */; };
		821C72F218004A6100E4BEE9 /* Foundation.framework in Frameworks */ = {isa = PBXBuildFile; fileRef = 821C72D118004A6100E4BEE9 /* Foundation.framework */; };
		821C72F318004A6100E4BEE9 /* UIKit.framework in Frameworks */ = {isa = PBXBuildFile; fileRef = 821C72D518004A6100E4BEE9 /* UIKit.framework */; };
		821C72FB18004A6100E4BEE9 /* InfoPlist.strings in Resources */ = {isa = PBXBuildFile; fileRef = 821C72F918004A6100E4BEE9 /* InfoPlist.strings */; };
		821C72FD18004A6100E4BEE9 /* PrestieTests.m in Sources */ = {isa = PBXBuildFile; fileRef = 821C72FC18004A6100E4BEE9 /* PrestieTests.m */; };
/* End PBXBuildFile section */

/* Begin PBXContainerItemProxy section */
		821C72F418004A6100E4BEE9 /* PBXContainerItemProxy */ = {
			isa = PBXContainerItemProxy;
			containerPortal = 821C72C618004A6100E4BEE9 /* Project object */;
			proxyType = 1;
			remoteGlobalIDString = 821C72CD18004A6100E4BEE9;
			remoteInfo = Prestie;
		};
/* End PBXContainerItemProxy section */

/* Begin PBXFileReference section */
		821C72CE18004A6100E4BEE9 /* Prestie.app */ = {isa = PBXFileReference; explicitFileType = wrapper.application; includeInIndex = 0; path = Prestie.app; sourceTree = BUILT_PRODUCTS_DIR; };
		821C72D118004A6100E4BEE9 /* Foundation.framework */ = {isa = PBXFileReference; lastKnownFileType = wrapper.framework; name = Foundation.framework; path = System/Library/Frameworks/Foundation.framework; sourceTree = SDKROOT; };
		821C72D318004A6100E4BEE9 /* CoreGraphics.framework */ = {isa = PBXFileReference; lastKnownFileType = wrapper.framework; name = CoreGraphics.framework; path = System/Library/Frameworks/CoreGraphics.framework; sourceTree = SDKROOT; };
		821C72D518004A6100E4BEE9 /* UIKit.framework */ = {isa = PBXFileReference; lastKnownFileType = wrapper.framework; name = UIKit.framework; path = System/Library/Frameworks/UIKit.framework; sourceTree = SDKROOT; };
		821C72D918004A6100E4BEE9 /* Prestie-Info.plist */ = {isa = PBXFileReference; lastKnownFileType = text.plist.xml; path = "Prestie-Info.plist"; sourceTree = "<group>"; };
		821C72DB18004A6100E4BEE9 /* en */ = {isa = PBXFileReference; lastKnownFileType = text.plist.strings; name = en; path = en.lproj/InfoPlist.strings; sourceTree = "<group>"; };
		821C72DD18004A6100E4BEE9 /* main.m */ = {isa = PBXFileReference; lastKnownFileType = sourcecode.c.objc; path = main.m; sourceTree = "<group>"; };
		821C72DF18004A6100E4BEE9 /* Prestie-Prefix.pch */ = {isa = PBXFileReference; lastKnownFileType = sourcecode.c.h; path = "Prestie-Prefix.pch"; sourceTree = "<group>"; };
		821C72E018004A6100E4BEE9 /* PRAppDelegate.h */ = {isa = PBXFileReference; lastKnownFileType = sourcecode.c.h; path = PRAppDelegate.h; sourceTree = "<group>"; };
		821C72E118004A6100E4BEE9 /* PRAppDelegate.m */ = {isa = PBXFileReference; lastKnownFileType = sourcecode.c.objc; path = PRAppDelegate.m; sourceTree = "<group>"; };
		821C72E418004A6100E4BEE9 /* Base */ = {isa = PBXFileReference; lastKnownFileType = file.storyboard; name = Base; path = Base.lproj/Main.storyboard; sourceTree = "<group>"; };
		821C72E618004A6100E4BEE9 /* PRViewController.h */ = {isa = PBXFileReference; lastKnownFileType = sourcecode.c.h; path = PRViewController.h; sourceTree = "<group>"; };
		821C72E718004A6100E4BEE9 /* PRViewController.m */ = {isa = PBXFileReference; lastKnownFileType = sourcecode.c.objc; path = PRViewController.m; sourceTree = "<group>"; };
		821C72E918004A6100E4BEE9 /* Images.xcassets */ = {isa = PBXFileReference; lastKnownFileType = folder.assetcatalog; path = Images.xcassets; sourceTree = "<group>"; };
		821C72EF18004A6100E4BEE9 /* PrestieTests.xctest */ = {isa = PBXFileReference; explicitFileType = wrapper.cfbundle; includeInIndex = 0; path = PrestieTests.xctest; sourceTree = BUILT_PRODUCTS_DIR; };
		821C72F018004A6100E4BEE9 /* XCTest.framework */ = {isa = PBXFileReference; lastKnownFileType = wrapper.framework; name = XCTest.framework; path = Library/Frameworks/XCTest.framework; sourceTree = DEVELOPER_DIR; };
		821C72F818004A6100E4BEE9 /* PrestieTests-Info.plist */ = {isa = PBXFileReference; lastKnownFileType = text.plist.xml; path = "PrestieTests-Info.plist"; sourceTree = "<group>"; };
		821C72FA18004A6100E4BEE9 /* en */ = {isa = PBXFileReference; lastKnownFileType = text.plist.strings; name = en; path = en.lproj/InfoPlist.strings; sourceTree = "<group>"; };
		821C72FC18004A6100E4BEE9 /* PrestieTests.m */ = {isa = PBXFileReference; lastKnownFileType = sourcecode.c.objc; path = PrestieTests.m; sourceTree = "<group>"; };
/* End PBXFileReference section */

/* Begin PBXFrameworksBuildPhase section */
		821C72CB18004A6100E4BEE9 /* Frameworks */ = {
			isa = PBXFrameworksBuildPhase;
			buildActionMask = 2147483647;
			files = (
				821C72D418004A6100E4BEE9 /* CoreGraphics.framework in Frameworks */,
				821C72D618004A6100E4BEE9 /* UIKit.framework in Frameworks */,
				821C72D218004A6100E4BEE9 /* Foundation.framework in Frameworks */,
			);
			runOnlyForDeploymentPostprocessing = 0;
		};
		821C72EC18004A6100E4BEE9 /* Frameworks */ = {
			isa = PBXFrameworksBuildPhase;
			buildActionMask = 2147483647;
			files = (
				821C72F118004A6100E4BEE9 /* XCTest.framework in Frameworks */,
				821C72F318004A6100E4BEE9 /* UIKit.framework in Frameworks */,
				821C72F218004A6100E4BEE9 /* Foundation.framework in Frameworks */,
			);
			runOnlyForDeploymentPostprocessing = 0;
		};
/* End PBXFrameworksBuildPhase section */

/* Begin PBXGroup section */
		821C72C518004A6100E4BEE9 = {
			isa = PBXGroup;
			children = (
				821C72D718004A6100E4BEE9 /* Prestie */,
				821C72F618004A6100E4BEE9 /* PrestieTests */,
				821C72D018004A6100E4BEE9 /* Frameworks */,
				821C72CF18004A6100E4BEE9 /* Products */,
			);
			sourceTree = "<group>";
		};
		821C72CF18004A6100E4BEE9 /* Products */ = {
			isa = PBXGroup;
			children = (
				821C72CE18004A6100E4BEE9 /* Prestie.app */,
				821C72EF18004A6100E4BEE9 /* PrestieTests.xctest */,
			);
			name = Products;
			sourceTree = "<group>";
		};
		821C72D018004A6100E4BEE9 /* Frameworks */ = {
			isa = PBXGroup;
			children = (
				821C72D118004A6100E4BEE9 /* Foundation.framework */,
				821C72D318004A6100E4BEE9 /* CoreGraphics.framework */,
				821C72D518004A6100E4BEE9 /* UIKit.framework */,
				821C72F018004A6100E4BEE9 /* XCTest.framework */,
			);
			name = Frameworks;
			sourceTree = "<group>";
		};
		821C72D718004A6100E4BEE9 /* Prestie */ = {
			isa = PBXGroup;
			children = (
				821C72E018004A6100E4BEE9 /* PRAppDelegate.h */,
				821C72E118004A6100E4BEE9 /* PRAppDelegate.m */,
				821C72E318004A6100E4BEE9 /* Main.storyboard */,
				821C72E618004A6100E4BEE9 /* PRViewController.h */,
				821C72E718004A6100E4BEE9 /* PRViewController.m */,
				821C72E918004A6100E4BEE9 /* Images.xcassets */,
				821C72D818004A6100E4BEE9 /* Supporting Files */,
			);
			path = Prestie;
			sourceTree = "<group>";
		};
		821C72D818004A6100E4BEE9 /* Supporting Files */ = {
			isa = PBXGroup;
			children = (
				821C72D918004A6100E4BEE9 /* Prestie-Info.plist */,
				821C72DA18004A6100E4BEE9 /* InfoPlist.strings */,
				821C72DD18004A6100E4BEE9 /* main.m */,
				821C72DF18004A6100E4BEE9 /* Prestie-Prefix.pch */,
			);
			name = "Supporting Files";
			sourceTree = "<group>";
		};
		821C72F618004A6100E4BEE9 /* PrestieTests */ = {
			isa = PBXGroup;
			children = (
				821C72FC18004A6100E4BEE9 /* PrestieTests.m */,
				821C72F718004A6100E4BEE9 /* Supporting Files */,
			);
			path = PrestieTests;
			sourceTree = "<group>";
		};
		821C72F718004A6100E4BEE9 /* Supporting Files */ = {
			isa = PBXGroup;
			children = (
				821C72F818004A6100E4BEE9 /* PrestieTests-Info.plist */,
				821C72F918004A6100E4BEE9 /* InfoPlist.strings */,
			);
			name = "Supporting Files";
			sourceTree = "<group>";
		};
/* End PBXGroup section */

/* Begin PBXNativeTarget section */
		821C72CD18004A6100E4BEE9 /* Prestie */ = {
			isa = PBXNativeTarget;
			buildConfigurationList = 821C730018004A6100E4BEE9 /* Build configuration list for PBXNativeTarget "Prestie" */;
			buildPhases = (
				821C72CA18004A6100E4BEE9 /* Sources */,
				821C72CB18004A6100E4BEE9 /* Frameworks */,
				821C72CC18004A6100E4BEE9 /* Resources */,
			);
			buildRules = (
			);
			dependencies = (
			);
			name = Prestie;
			productName = Prestie;
			productReference = 821C72CE18004A6100E4BEE9 /* Prestie.app */;
			productType = "com.apple.product-type.application";
		};
		821C72EE18004A6100E4BEE9 /* PrestieTests */ = {
			isa = PBXNativeTarget;
			buildConfigurationList = 821C730318004A6100E4BEE9 /* Build configuration list for PBXNativeTarget "PrestieTests" */;
			buildPhases = (
				821C72EB18004A6100E4BEE9 /* Sources */,
				821C72EC18004A6100E4BEE9 /* Frameworks */,
				821C72ED18004A6100E4BEE9 /* Resources */,
			);
			buildRules = (
			);
			dependencies = (
				821C72F518004A6100E4BEE9 /* PBXTargetDependency */,
			);
			name = PrestieTests;
			productName = PrestieTests;
			productReference = 821C72EF18004A6100E4BEE9 /* PrestieTests.xctest */;
			productType = "com.apple.product-type.bundle.unit-test";
		};
/* End PBXNativeTarget section */

/* Begin PBXProject section */
		821C72C618004A6100E4BEE9 /* Project object */ = {
			isa = PBXProject;
			attributes = {
				CLASSPREFIX = PR;
				LastUpgradeCheck = 0500;
				ORGANIZATIONNAME = "Surat Teerapittayanon";
				TargetAttributes = {
					821C72EE18004A6100E4BEE9 = {
						TestTargetID = 821C72CD18004A6100E4BEE9;
					};
				};
			};
			buildConfigurationList = 821C72C918004A6100E4BEE9 /* Build configuration list for PBXProject "Prestie" */;
			compatibilityVersion = "Xcode 3.2";
			developmentRegion = English;
			hasScannedForEncodings = 0;
			knownRegions = (
				en,
				Base,
			);
			mainGroup = 821C72C518004A6100E4BEE9;
			productRefGroup = 821C72CF18004A6100E4BEE9 /* Products */;
			projectDirPath = "";
			projectRoot = "";
			targets = (
				821C72CD18004A6100E4BEE9 /* Prestie */,
				821C72EE18004A6100E4BEE9 /* PrestieTests */,
			);
		};
/* End PBXProject section */

/* Begin PBXResourcesBuildPhase section */
		821C72CC18004A6100E4BEE9 /* Resources */ = {
			isa = PBXResourcesBuildPhase;
			buildActionMask = 2147483647;
			files = (
				821C72EA18004A6100E4BEE9 /* Images.xcassets in Resources */,
				821C72DC18004A6100E4BEE9 /* InfoPlist.strings in Resources */,
				821C72E518004A6100E4BEE9 /* Main.storyboard in Resources */,
			);
			runOnlyForDeploymentPostprocessing = 0;
		};
		821C72ED18004A6100E4BEE9 /* Resources */ = {
			isa = PBXResourcesBuildPhase;
			buildActionMask = 2147483647;
			files = (
				821C72FB18004A6100E4BEE9 /* InfoPlist.strings in Resources */,
			);
			runOnlyForDeploymentPostprocessing = 0;
		};
/* End PBXResourcesBuildPhase section */

/* Begin PBXSourcesBuildPhase section */
		821C72CA18004A6100E4BEE9 /* Sources */ = {
			isa = PBXSourcesBuildPhase;
			buildActionMask = 2147483647;
			files = (
				821C72E218004A6100E4BEE9 /* PRAppDelegate.m in Sources */,
				821C72E818004A6100E4BEE9 /* PRViewController.m in Sources */,
				821C72DE18004A6100E4BEE9 /* main.m in Sources */,
			);
			runOnlyForDeploymentPostprocessing = 0;
		};
		821C72EB18004A6100E4BEE9 /* Sources */ = {
			isa = PBXSourcesBuildPhase;
			buildActionMask = 2147483647;
			files = (
				821C72FD18004A6100E4BEE9 /* PrestieTests.m in Sources */,
			);
			runOnlyForDeploymentPostprocessing = 0;
		};
/* End PBXSourcesBuildPhase section */

/* Begin PBXTargetDependency section */
		821C72F518004A6100E4BEE9 /* PBXTargetDependency */ = {
			isa = PBXTargetDependency;
			target = 821C72CD18004A6100E4BEE9 /* Prestie */;
			targetProxy = 821C72F418004A6100E4BEE9 /* PBXContainerItemProxy */;
		};
/* End PBXTargetDependency section */

/* Begin PBXVariantGroup section */
		821C72DA18004A6100E4BEE9 /* InfoPlist.strings */ = {
			isa = PBXVariantGroup;
			children = (
				821C72DB18004A6100E4BEE9 /* en */,
			);
			name = InfoPlist.strings;
			sourceTree = "<group>";
		};
		821C72E318004A6100E4BEE9 /* Main.storyboard */ = {
			isa = PBXVariantGroup;
			children = (
				821C72E418004A6100E4BEE9 /* Base */,
			);
			name = Main.storyboard;
			sourceTree = "<group>";
		};
		821C72F918004A6100E4BEE9 /* InfoPlist.strings */ = {
			isa = PBXVariantGroup;
			children = (
				821C72FA18004A6100E4BEE9 /* en */,
			);
			name = InfoPlist.strings;
			sourceTree = "<group>";
		};
/* End PBXVariantGroup section */

/* Begin XCBuildConfiguration section */
		821C72FE18004A6100E4BEE9 /* Debug */ = {
			isa = XCBuildConfiguration;
			buildSettings = {
				ALWAYS_SEARCH_USER_PATHS = NO;
				ARCHS = "$(ARCHS_STANDARD_INCLUDING_64_BIT)";
				CLANG_CXX_LANGUAGE_STANDARD = "gnu++0x";
				CLANG_CXX_LIBRARY = "libc++";
				CLANG_ENABLE_MODULES = YES;
				CLANG_ENABLE_OBJC_ARC = YES;
				CLANG_WARN_BOOL_CONVERSION = YES;
				CLANG_WARN_CONSTANT_CONVERSION = YES;
				CLANG_WARN_DIRECT_OBJC_ISA_USAGE = YES_ERROR;
				CLANG_WARN_EMPTY_BODY = YES;
				CLANG_WARN_ENUM_CONVERSION = YES;
				CLANG_WARN_INT_CONVERSION = YES;
				CLANG_WARN_OBJC_ROOT_CLASS = YES_ERROR;
				CLANG_WARN__DUPLICATE_METHOD_MATCH = YES;
				"CODE_SIGN_IDENTITY[sdk=iphoneos*]" = "iPhone Developer";
				COPY_PHASE_STRIP = NO;
				GCC_C_LANGUAGE_STANDARD = gnu99;
				GCC_DYNAMIC_NO_PIC = NO;
				GCC_OPTIMIZATION_LEVEL = 0;
				GCC_PREPROCESSOR_DEFINITIONS = (
					"DEBUG=1",
					"$(inherited)",
				);
				GCC_SYMBOLS_PRIVATE_EXTERN = NO;
				GCC_WARN_64_TO_32_BIT_CONVERSION = YES;
				GCC_WARN_ABOUT_RETURN_TYPE = YES_ERROR;
				GCC_WARN_UNDECLARED_SELECTOR = YES;
				GCC_WARN_UNINITIALIZED_AUTOS = YES;
				GCC_WARN_UNUSED_FUNCTION = YES;
				GCC_WARN_UNUSED_VARIABLE = YES;
				IPHONEOS_DEPLOYMENT_TARGET = 7.0;
				ONLY_ACTIVE_ARCH = YES;
				SDKROOT = iphoneos;
			};
			name = Debug;
		};
		821C72FF18004A6100E4BEE9 /* Release */ = {
			isa = XCBuildConfiguration;
			buildSettings = {
				ALWAYS_SEARCH_USER_PATHS = NO;
				ARCHS = "$(ARCHS_STANDARD_INCLUDING_64_BIT)";
				CLANG_CXX_LANGUAGE_STANDARD = "gnu++0x";
				CLANG_CXX_LIBRARY = "libc++";
				CLANG_ENABLE_MODULES = YES;
				CLANG_ENABLE_OBJC_ARC = YES;
				CLANG_WARN_BOOL_CONVERSION = YES;
				CLANG_WARN_CONSTANT_CONVERSION = YES;
				CLANG_WARN_DIRECT_OBJC_ISA_USAGE = YES_ERROR;
				CLANG_WARN_EMPTY_BODY = YES;
				CLANG_WARN_ENUM_CONVERSION = YES;
				CLANG_WARN_INT_CONVERSION = YES;
				CLANG_WARN_OBJC_ROOT_CLASS = YES_ERROR;
				CLANG_WARN__DUPLICATE_METHOD_MATCH = YES;
				"CODE_SIGN_IDENTITY[sdk=iphoneos*]" = "iPhone Developer";
				COPY_PHASE_STRIP = YES;
				ENABLE_NS_ASSERTIONS = NO;
				GCC_C_LANGUAGE_STANDARD = gnu99;
				GCC_WARN_64_TO_32_BIT_CONVERSION = YES;
				GCC_WARN_ABOUT_RETURN_TYPE = YES_ERROR;
				GCC_WARN_UNDECLARED_SELECTOR = YES;
				GCC_WARN_UNINITIALIZED_AUTOS = YES;
				GCC_WARN_UNUSED_FUNCTION = YES;
				GCC_WARN_UNUSED_VARIABLE = YES;
				IPHONEOS_DEPLOYMENT_TARGET = 7.0;
				SDKROOT = iphoneos;
				VALIDATE_PRODUCT = YES;
			};
			name = Release;
		};
		821C730118004A6100E4BEE9 /* Debug */ = {
			isa = XCBuildConfiguration;
			buildSettings = {
				ASSETCATALOG_COMPILER_APPICON_NAME = AppIcon;
				ASSETCATALOG_COMPILER_LAUNCHIMAGE_NAME = LaunchImage;
				GCC_PRECOMPILE_PREFIX_HEADER = YES;
				GCC_PREFIX_HEADER = "Prestie/Prestie-Prefix.pch";
				INFOPLIST_FILE = "Prestie/Prestie-Info.plist";
				PRODUCT_NAME = "$(TARGET_NAME)";
				WRAPPER_EXTENSION = app;
			};
			name = Debug;
		};
		821C730218004A6100E4BEE9 /* Release */ = {
			isa = XCBuildConfiguration;
			buildSettings = {
				ASSETCATALOG_COMPILER_APPICON_NAME = AppIcon;
				ASSETCATALOG_COMPILER_LAUNCHIMAGE_NAME = LaunchImage;
				GCC_PRECOMPILE_PREFIX_HEADER = YES;
				GCC_PREFIX_HEADER = "Prestie/Prestie-Prefix.pch";
				INFOPLIST_FILE = "Prestie/Prestie-Info.plist";
				PRODUCT_NAME = "$(TARGET_NAME)";
				WRAPPER_EXTENSION = app;
			};
			name = Release;
		};
		821C730418004A6100E4BEE9 /* Debug */ = {
			isa = XCBuildConfiguration;
			buildSettings = {
				ARCHS = "$(ARCHS_STANDARD_INCLUDING_64_BIT)";
				BUNDLE_LOADER = "$(BUILT_PRODUCTS_DIR)/Prestie.app/Prestie";
				FRAMEWORK_SEARCH_PATHS = (
					"$(SDKROOT)/Developer/Library/Frameworks",
					"$(inherited)",
					"$(DEVELOPER_FRAMEWORKS_DIR)",
				);
				GCC_PRECOMPILE_PREFIX_HEADER = YES;
				GCC_PREFIX_HEADER = "Prestie/Prestie-Prefix.pch";
				GCC_PREPROCESSOR_DEFINITIONS = (
					"DEBUG=1",
					"$(inherited)",
				);
				INFOPLIST_FILE = "PrestieTests/PrestieTests-Info.plist";
				PRODUCT_NAME = "$(TARGET_NAME)";
				TEST_HOST = "$(BUNDLE_LOADER)";
				WRAPPER_EXTENSION = xctest;
			};
			name = Debug;
		};
		821C730518004A6100E4BEE9 /* Release */ = {
			isa = XCBuildConfiguration;
			buildSettings = {
				ARCHS = "$(ARCHS_STANDARD_INCLUDING_64_BIT)";
				BUNDLE_LOADER = "$(BUILT_PRODUCTS_DIR)/Prestie.app/Prestie";
				FRAMEWORK_SEARCH_PATHS = (
					"$(SDKROOT)/Developer/Library/Frameworks",
					"$(inherited)",
					"$(DEVELOPER_FRAMEWORKS_DIR)",
				);
				GCC_PRECOMPILE_PREFIX_HEADER = YES;
				GCC_PREFIX_HEADER = "Prestie/Prestie-Prefix.pch";
				INFOPLIST_FILE = "PrestieTests/PrestieTests-Info.plist";
				PRODUCT_NAME = "$(TARGET_NAME)";
				TEST_HOST = "$(BUNDLE_LOADER)";
				WRAPPER_EXTENSION = xctest;
			};
			name = Release;
		};
/* End XCBuildConfiguration section */

/* Begin XCConfigurationList section */
		821C72C918004A6100E4BEE9 /* Build configuration list for PBXProject "Prestie" */ = {
			isa = XCConfigurationList;
			buildConfigurations = (
				821C72FE18004A6100E4BEE9 /* Debug */,
				821C72FF18004A6100E4BEE9 /* Release */,
			);
			defaultConfigurationIsVisible = 0;
			defaultConfigurationName = Release;
		};
		821C730018004A6100E4BEE9 /* Build configuration list for PBXNativeTarget "Prestie" */ = {
			isa = XCConfigurationList;
			buildConfigurations = (
				821C730118004A6100E4BEE9 /* Debug */,
				821C730218004A6100E4BEE9 /* Release */,
			);
			defaultConfigurationIsVisible = 0;
		};
		821C730318004A6100E4BEE9 /* Build configuration list for PBXNativeTarget "PrestieTests" */ = {
			isa = XCConfigurationList;
			buildConfigurations = (
				821C730418004A6100E4BEE9 /* Debug */,
				821C730518004A6100E4BEE9 /* Release */,
			);
			defaultConfigurationIsVisible = 0;
		};
/* End XCConfigurationList section */
	};
	rootObject = 821C72C618004A6100E4BEE9 /* Project object */;
}
